
Microsoft Visual Studio Solution File, Format Version 12.00
# Visual Studio 14
VisualStudioVersion = 14.0.25420.1
MinimumVisualStudioVersion = 10.0.40219.1
Project("{FAE04EC0-301F-11D3-BF4B-00C04F79EFBC}") = "OrderSys", "OrderSys.csproj", "{F1539E0F-9D0D-4DE4-96FC-1DC99D0BF763}"
EndProject
Project("{54435603-DBB4-11D2-8724-00A0C9A8B90C}") = "OrderSysSetup.exe", "..\OrderSysSetup.exe\OrderSysSetup.exe.vdproj", "{1F9398E9-E517-4287-8B14-48DE06D11546}"
EndProject
Global
	GlobalSection(SolutionConfigurationPlatforms) = preSolution
		Debug|Any CPU = Debug|Any CPU
		Release|Any CPU = Release|Any CPU
	EndGlobalSection
	GlobalSection(ProjectConfigurationPlatforms) = postSolution
		{F1539E0F-9D0D-4DE4-96FC-1DC99D0BF763}.Debug|Any CPU.ActiveCfg = Debug|Any CPU
		{F1539E0F-9D0D-4DE4-96FC-1DC99D0BF763}.Debug|Any CPU.Build.0 = Debug|Any CPU
		{F1539E0F-9D0D-4DE4-96FC-1DC99D0BF763}.Release|Any CPU.ActiveCfg = Release|Any CPU
		{F1539E0F-9D0D-4DE4-96FC-1DC99D0BF763}.Release|Any CPU.Build.0 = Release|Any CPU
		{1F9398E9-E517-4287-8B14-48DE06D11546}.Debug|Any CPU.ActiveCfg = Debug
		{1F9398E9-E517-4287-8B14-48DE06D11546}.Release|Any CPU.ActiveCfg = Release
	EndGlobalSection
	GlobalSection(SolutionProperties) = preSolution
		HideSolutionNode = FALSE
	EndGlobalSection
EndGlobal
